// !$*UTF8*$!
{
	archiveVersion = 1;
	classes = {
	};
	objectVersion = 55;
	objects = {

/* Begin PBXBuildFile section */
		083D038227F08F820069115F /* RecipeTabView.swift in Sources */ = {isa = PBXBuildFile; fileRef = 083D038127F08F820069115F /* RecipeTabView.swift */; };
		08CC58BE27E42D0B0036D433 /* Recipe_ListApp.swift in Sources */ = {isa = PBXBuildFile; fileRef = 08CC58BD27E42D0B0036D433 /* Recipe_ListApp.swift */; };
		08CC58C027E42D0B0036D433 /* RecipeListView.swift in Sources */ = {isa = PBXBuildFile; fileRef = 08CC58BF27E42D0B0036D433 /* RecipeListView.swift */; };
		08CC58C227E42D0C0036D433 /* Assets.xcassets in Resources */ = {isa = PBXBuildFile; fileRef = 08CC58C127E42D0C0036D433 /* Assets.xcassets */; };
		08CC58C527E42D0C0036D433 /* Preview Assets.xcassets in Resources */ = {isa = PBXBuildFile; fileRef = 08CC58C427E42D0C0036D433 /* Preview Assets.xcassets */; };
		08CC58D127E430920036D433 /* recipes.json in Resources */ = {isa = PBXBuildFile; fileRef = 08CC58D027E430920036D433 /* recipes.json */; };
		08CC58D327E4318A0036D433 /* Recipe.swift in Sources */ = {isa = PBXBuildFile; fileRef = 08CC58D227E4318A0036D433 /* Recipe.swift */; };
		08CC58D527E433010036D433 /* RecipeModel.swift in Sources */ = {isa = PBXBuildFile; fileRef = 08CC58D427E433010036D433 /* RecipeModel.swift */; };
		08CC58D727E599720036D433 /* DataService.swift in Sources */ = {isa = PBXBuildFile; fileRef = 08CC58D627E599720036D433 /* DataService.swift */; };
		08CDB21627ED447B00A2A5B2 /* RecipeDetailView.swift in Sources */ = {isa = PBXBuildFile; fileRef = 08CDB21527ED447B00A2A5B2 /* RecipeDetailView.swift */; };
/* End PBXBuildFile section */

/* Begin PBXFileReference section */
		083D038127F08F820069115F /* RecipeTabView.swift */ = {isa = PBXFileReference; lastKnownFileType = sourcecode.swift; path = RecipeTabView.swift; sourceTree = "<group>"; };
		08CC58BA27E42D0B0036D433 /* Recipe List.app */ = {isa = PBXFileReference; explicitFileType = wrapper.application; includeInIndex = 0; path = "Recipe List.app"; sourceTree = BUILT_PRODUCTS_DIR; };
		08CC58BD27E42D0B0036D433 /* Recipe_ListApp.swift */ = {isa = PBXFileReference; lastKnownFileType = sourcecode.swift; path = Recipe_ListApp.swift; sourceTree = "<group>"; };
		08CC58BF27E42D0B0036D433 /* RecipeListView.swift */ = {isa = PBXFileReference; lastKnownFileType = sourcecode.swift; path = RecipeListView.swift; sourceTree = "<group>"; };
		08CC58C127E42D0C0036D433 /* Assets.xcassets */ = {isa = PBXFileReference; lastKnownFileType = folder.assetcatalog; path = Assets.xcassets; sourceTree = "<group>"; };
		08CC58C427E42D0C0036D433 /* Preview Assets.xcassets */ = {isa = PBXFileReference; lastKnownFileType = folder.assetcatalog; path = "Preview Assets.xcassets"; sourceTree = "<group>"; };
		08CC58D027E430920036D433 /* recipes.json */ = {isa = PBXFileReference; fileEncoding = 4; lastKnownFileType = text.json; path = recipes.json; sourceTree = "<group>"; };
		08CC58D227E4318A0036D433 /* Recipe.swift */ = {isa = PBXFileReference; lastKnownFileType = sourcecode.swift; path = Recipe.swift; sourceTree = "<group>"; };
		08CC58D427E433010036D433 /* RecipeModel.swift */ = {isa = PBXFileReference; lastKnownFileType = sourcecode.swift; path = RecipeModel.swift; sourceTree = "<group>"; };
		08CC58D627E599720036D433 /* DataService.swift */ = {isa = PBXFileReference; lastKnownFileType = sourcecode.swift; path = DataService.swift; sourceTree = "<group>"; };
		08CDB21527ED447B00A2A5B2 /* RecipeDetailView.swift */ = {isa = PBXFileReference; lastKnownFileType = sourcecode.swift; path = RecipeDetailView.swift; sourceTree = "<group>"; };
/* End PBXFileReference section */

/* Begin PBXFrameworksBuildPhase section */
		08CC58B727E42D0B0036D433 /* Frameworks */ = {
			isa = PBXFrameworksBuildPhase;
			buildActionMask = 2147483647;
			files = (
			);
			runOnlyForDeploymentPostprocessing = 0;
		};
/* End PBXFrameworksBuildPhase section */

/* Begin PBXGroup section */
		08CC58B127E42D0B0036D433 = {
			isa = PBXGroup;
			children = (
				08CC58BC27E42D0B0036D433 /* Recipe List */,
				08CC58BB27E42D0B0036D433 /* Products */,
			);
			sourceTree = "<group>";
		};
		08CC58BB27E42D0B0036D433 /* Products */ = {
			isa = PBXGroup;
			children = (
				08CC58BA27E42D0B0036D433 /* Recipe List.app */,
			);
			name = Products;
			sourceTree = "<group>";
		};
		08CC58BC27E42D0B0036D433 /* Recipe List */ = {
			isa = PBXGroup;
			children = (
				08CC58BD27E42D0B0036D433 /* Recipe_ListApp.swift */,
				08CC58CB27E42DAE0036D433 /* Views */,
				08CC58CC27E42DFD0036D433 /* ViewModels */,
				08CC58CE27E42E410036D433 /* Models */,
				08CC58CF27E42E750036D433 /* Services */,
				08CC58CD27E42E1E0036D433 /* Data */,
				08CC58C127E42D0C0036D433 /* Assets.xcassets */,
				08CC58C327E42D0C0036D433 /* Preview Content */,
			);
			path = "Recipe List";
			sourceTree = "<group>";
		};
		08CC58C327E42D0C0036D433 /* Preview Content */ = {
			isa = PBXGroup;
			children = (
				08CC58C427E42D0C0036D433 /* Preview Assets.xcassets */,
			);
			path = "Preview Content";
			sourceTree = "<group>";
		};
		08CC58CB27E42DAE0036D433 /* Views */ = {
			isa = PBXGroup;
			children = (
				083D038127F08F820069115F /* RecipeTabView.swift */,
				08CC58BF27E42D0B0036D433 /* RecipeListView.swift */,
				08CDB21527ED447B00A2A5B2 /* RecipeDetailView.swift */,
			);
			path = Views;
			sourceTree = "<group>";
		};
		08CC58CC27E42DFD0036D433 /* ViewModels */ = {
			isa = PBXGroup;
			children = (
				08CC58D427E433010036D433 /* RecipeModel.swift */,
			);
			path = ViewModels;
			sourceTree = "<group>";
		};
		08CC58CD27E42E1E0036D433 /* Data */ = {
			isa = PBXGroup;
			children = (
				08CC58D027E430920036D433 /* recipes.json */,
			);
			path = Data;
			sourceTree = "<group>";
		};
		08CC58CE27E42E410036D433 /* Models */ = {
			isa = PBXGroup;
			children = (
				08CC58D227E4318A0036D433 /* Recipe.swift */,
			);
			path = Models;
			sourceTree = "<group>";
		};
		08CC58CF27E42E750036D433 /* Services */ = {
			isa = PBXGroup;
			children = (
				08CC58D627E599720036D433 /* DataService.swift */,
			);
			path = Services;
			sourceTree = "<group>";
		};
/* End PBXGroup section */

/* Begin PBXNativeTarget section */
		08CC58B927E42D0B0036D433 /* Recipe List */ = {
			isa = PBXNativeTarget;
			buildConfigurationList = 08CC58C827E42D0C0036D433 /* Build configuration list for PBXNativeTarget "Recipe List" */;
			buildPhases = (
				08CC58B627E42D0B0036D433 /* Sources */,
				08CC58B727E42D0B0036D433 /* Frameworks */,
				08CC58B827E42D0B0036D433 /* Resources */,
			);
			buildRules = (
			);
			dependencies = (
			);
			name = "Recipe List";
			productName = "Recipe List";
			productReference = 08CC58BA27E42D0B0036D433 /* Recipe List.app */;
			productType = "com.apple.product-type.application";
		};
/* End PBXNativeTarget section */

/* Begin PBXProject section */
		08CC58B227E42D0B0036D433 /* Project object */ = {
			isa = PBXProject;
			attributes = {
				BuildIndependentTargetsInParallel = 1;
				LastSwiftUpdateCheck = 1320;
				LastUpgradeCheck = 1320;
				TargetAttributes = {
					08CC58B927E42D0B0036D433 = {
						CreatedOnToolsVersion = 13.2.1;
					};
				};
			};
			buildConfigurationList = 08CC58B527E42D0B0036D433 /* Build configuration list for PBXProject "Recipe List" */;
			compatibilityVersion = "Xcode 13.0";
			developmentRegion = en;
			hasScannedForEncodings = 0;
			knownRegions = (
				en,
				Base,
			);
			mainGroup = 08CC58B127E42D0B0036D433;
			productRefGroup = 08CC58BB27E42D0B0036D433 /* Products */;
			projectDirPath = "";
			projectRoot = "";
			targets = (
				08CC58B927E42D0B0036D433 /* Recipe List */,
			);
		};
/* End PBXProject section */

/* Begin PBXResourcesBuildPhase section */
		08CC58B827E42D0B0036D433 /* Resources */ = {
			isa = PBXResourcesBuildPhase;
			buildActionMask = 2147483647;
			files = (
				08CC58C527E42D0C0036D433 /* Preview Assets.xcassets in Resources */,
				08CC58D127E430920036D433 /* recipes.json in Resources */,
				08CC58C227E42D0C0036D433 /* Assets.xcassets in Resources */,
			);
			runOnlyForDeploymentPostprocessing = 0;
		};
/* End PBXResourcesBuildPhase section */

/* Begin PBXSourcesBuildPhase section */
		08CC58B627E42D0B0036D433 /* Sources */ = {
			isa = PBXSourcesBuildPhase;
			buildActionMask = 2147483647;
			files = (
				08CC58D327E4318A0036D433 /* Recipe.swift in Sources */,
				08CDB21627ED447B00A2A5B2 /* RecipeDetailView.swift in Sources */,
				08CC58D527E433010036D433 /* RecipeModel.swift in Sources */,
				08CC58C027E42D0B0036D433 /* RecipeListView.swift in Sources */,
				08CC58BE27E42D0B0036D433 /* Recipe_ListApp.swift in Sources */,
				08CC58D727E599720036D433 /* DataService.swift in Sources */,
				083D038227F08F820069115F /* RecipeTabView.swift in Sources */,
			);
			runOnlyForDeploymentPostprocessing = 0;
		};
/* End PBXSourcesBuildPhase section */

/* Begin XCBuildConfiguration section */
		08CC58C627E42D0C0036D433 /* Debug */ = {
			isa = XCBuildConfiguration;
			buildSettings = {
				ALWAYS_SEARCH_USER_PATHS = NO;
				CLANG_ANALYZER_NONNULL = YES;
				CLANG_ANALYZER_NUMBER_OBJECT_CONVERSION = YES_AGGRESSIVE;
				CLANG_CXX_LANGUAGE_STANDARD = "gnu++17";
				CLANG_CXX_LIBRARY = "libc++";
				CLANG_ENABLE_MODULES = YES;
				CLANG_ENABLE_OBJC_ARC = YES;
				CLANG_ENABLE_OBJC_WEAK = YES;
				CLANG_WARN_BLOCK_CAPTURE_AUTORELEASING = YES;
				CLANG_WARN_BOOL_CONVERSION = YES;
				CLANG_WARN_COMMA = YES;
				CLANG_WARN_CONSTANT_CONVERSION = YES;
				CLANG_WARN_DEPRECATED_OBJC_IMPLEMENTATIONS = YES;
				CLANG_WARN_DIRECT_OBJC_ISA_USAGE = YES_ERROR;
				CLANG_WARN_DOCUMENTATION_COMMENTS = YES;
				CLANG_WARN_EMPTY_BODY = YES;
				CLANG_WARN_ENUM_CONVERSION = YES;
				CLANG_WARN_INFINITE_RECURSION = YES;
				CLANG_WARN_INT_CONVERSION = YES;
				CLANG_WARN_NON_LITERAL_NULL_CONVERSION = YES;
				CLANG_WARN_OBJC_IMPLICIT_RETAIN_SELF = YES;
				CLANG_WARN_OBJC_LITERAL_CONVERSION = YES;
				CLANG_WARN_OBJC_ROOT_CLASS = YES_ERROR;
				CLANG_WARN_QUOTED_INCLUDE_IN_FRAMEWORK_HEADER = YES;
				CLANG_WARN_RANGE_LOOP_ANALYSIS = YES;
				CLANG_WARN_STRICT_PROTOTYPES = YES;
				CLANG_WARN_SUSPICIOUS_MOVE = YES;
				CLANG_WARN_UNGUARDED_AVAILABILITY = YES_AGGRESSIVE;
				CLANG_WARN_UNREACHABLE_CODE = YES;
				CLANG_WARN__DUPLICATE_METHOD_MATCH = YES;
				COPY_PHASE_STRIP = NO;
				DEBUG_INFORMATION_FORMAT = dwarf;
				ENABLE_STRICT_OBJC_MSGSEND = YES;
				ENABLE_TESTABILITY = YES;
				GCC_C_LANGUAGE_STANDARD = gnu11;
				GCC_DYNAMIC_NO_PIC = NO;
				GCC_NO_COMMON_BLOCKS = YES;
				GCC_OPTIMIZATION_LEVEL = 0;
				GCC_PREPROCESSOR_DEFINITIONS = (
					"DEBUG=1",
					"$(inherited)",
				);
				GCC_WARN_64_TO_32_BIT_CONVERSION = YES;
				GCC_WARN_ABOUT_RETURN_TYPE = YES_ERROR;
				GCC_WARN_UNDECLARED_SELECTOR = YES;
				GCC_WARN_UNINITIALIZED_AUTOS = YES_AGGRESSIVE;
				GCC_WARN_UNUSED_FUNCTION = YES;
				GCC_WARN_UNUSED_VARIABLE = YES;
				IPHONEOS_DEPLOYMENT_TARGET = 15.2;
				MTL_ENABLE_DEBUG_INFO = INCLUDE_SOURCE;
				MTL_FAST_MATH = YES;
				ONLY_ACTIVE_ARCH = YES;
				SDKROOT = iphoneos;
				SWIFT_ACTIVE_COMPILATION_CONDITIONS = DEBUG;
				SWIFT_OPTIMIZATION_LEVEL = "-Onone";
			};
			name = Debug;
		};
		08CC58C727E42D0C0036D433 /* Release */ = {
			isa = XCBuildConfiguration;
			buildSettings = {
				ALWAYS_SEARCH_USER_PATHS = NO;
				CLANG_ANALYZER_NONNULL = YES;
				CLANG_ANALYZER_NUMBER_OBJECT_CONVERSION = YES_AGGRESSIVE;
				CLANG_CXX_LANGUAGE_STANDARD = "gnu++17";
				CLANG_CXX_LIBRARY = "libc++";
				CLANG_ENABLE_MODULES = YES;
				CLANG_ENABLE_OBJC_ARC = YES;
				CLANG_ENABLE_OBJC_WEAK = YES;
				CLANG_WARN_BLOCK_CAPTURE_AUTORELEASING = YES;
				CLANG_WARN_BOOL_CONVERSION = YES;
				CLANG_WARN_COMMA = YES;
				CLANG_WARN_CONSTANT_CONVERSION = YES;
				CLANG_WARN_DEPRECATED_OBJC_IMPLEMENTATIONS = YES;
				CLANG_WARN_DIRECT_OBJC_ISA_USAGE = YES_ERROR;
				CLANG_WARN_DOCUMENTATION_COMMENTS = YES;
				CLANG_WARN_EMPTY_BODY = YES;
				CLANG_WARN_ENUM_CONVERSION = YES;
				CLANG_WARN_INFINITE_RECURSION = YES;
				CLANG_WARN_INT_CONVERSION = YES;
				CLANG_WARN_NON_LITERAL_NULL_CONVERSION = YES;
				CLANG_WARN_OBJC_IMPLICIT_RETAIN_SELF = YES;
				CLANG_WARN_OBJC_LITERAL_CONVERSION = YES;
				CLANG_WARN_OBJC_ROOT_CLASS = YES_ERROR;
				CLANG_WARN_QUOTED_INCLUDE_IN_FRAMEWORK_HEADER = YES;
				CLANG_WARN_RANGE_LOOP_ANALYSIS = YES;
				CLANG_WARN_STRICT_PROTOTYPES = YES;
				CLANG_WARN_SUSPICIOUS_MOVE = YES;
				CLANG_WARN_UNGUARDED_AVAILABILITY = YES_AGGRESSIVE;
				CLANG_WARN_UNREACHABLE_CODE = YES;
				CLANG_WARN__DUPLICATE_METHOD_MATCH = YES;
				COPY_PHASE_STRIP = NO;
				DEBUG_INFORMATION_FORMAT = "dwarf-with-dsym";
				ENABLE_NS_ASSERTIONS = NO;
				ENABLE_STRICT_OBJC_MSGSEND = YES;
				GCC_C_LANGUAGE_STANDARD = gnu11;
				GCC_NO_COMMON_BLOCKS = YES;
				GCC_WARN_64_TO_32_BIT_CONVERSION = YES;
				GCC_WARN_ABOUT_RETURN_TYPE = YES_ERROR;
				GCC_WARN_UNDECLARED_SELECTOR = YES;
				GCC_WARN_UNINITIALIZED_AUTOS = YES_AGGRESSIVE;
				GCC_WARN_UNUSED_FUNCTION = YES;
				GCC_WARN_UNUSED_VARIABLE = YES;
				IPHONEOS_DEPLOYMENT_TARGET = 15.2;
				MTL_ENABLE_DEBUG_INFO = NO;
				MTL_FAST_MATH = YES;
				SDKROOT = iphoneos;
				SWIFT_COMPILATION_MODE = wholemodule;
				SWIFT_OPTIMIZATION_LEVEL = "-O";
				VALIDATE_PRODUCT = YES;
			};
			name = Release;
		};
		08CC58C927E42D0C0036D433 /* Debug */ = {
			isa = XCBuildConfiguration;
			buildSettings = {
				ASSETCATALOG_COMPILER_APPICON_NAME = AppIcon;
				ASSETCATALOG_COMPILER_GLOBAL_ACCENT_COLOR_NAME = AccentColor;
				CODE_SIGN_STYLE = Automatic;
				CURRENT_PROJECT_VERSION = 1;
				DEVELOPMENT_ASSET_PATHS = "\"Recipe List/Preview Content\"";
				DEVELOPMENT_TEAM = QF75J2Q8KS;
				ENABLE_PREVIEWS = YES;
				GENERATE_INFOPLIST_FILE = YES;
				INFOPLIST_KEY_UIApplicationSceneManifest_Generation = YES;
				INFOPLIST_KEY_UIApplicationSupportsIndirectInputEvents = YES;
				INFOPLIST_KEY_UILaunchScreen_Generation = YES;
				INFOPLIST_KEY_UISupportedInterfaceOrientations_iPad = "UIInterfaceOrientationPortrait UIInterfaceOrientationPortraitUpsideDown UIInterfaceOrientationLandscapeLeft UIInterfaceOrientationLandscapeRight";
				INFOPLIST_KEY_UISupportedInterfaceOrientations_iPhone = "UIInterfaceOrientationPortrait UIInterfaceOrientationLandscapeLeft UIInterfaceOrientationLandscapeRight";
				LD_RUNPATH_SEARCH_PATHS = (
					"$(inherited)",
					"@executable_path/Frameworks",
				);
				MARKETING_VERSION = 1.0;
				PRODUCT_BUNDLE_IDENTIFIER = "KMEConsulting.Recipe-List";
				PRODUCT_NAME = "$(TARGET_NAME)";
				SWIFT_EMIT_LOC_STRINGS = YES;
				SWIFT_VERSION = 5.0;
				TARGETED_DEVICE_FAMILY = "1,2";
			};
			name = Debug;
		};
		08CC58CA27E42D0C0036D433 /* Release */ = {
			isa = XCBuildConfiguration;
			buildSettings = {
				ASSETCATALOG_COMPILER_APPICON_NAME = AppIcon;
				ASSETCATALOG_COMPILER_GLOBAL_ACCENT_COLOR_NAME = AccentColor;
				CODE_SIGN_STYLE = Automatic;
				CURRENT_PROJECT_VERSION = 1;
				DEVELOPMENT_ASSET_PATHS = "\"Recipe List/Preview Content\"";
				DEVELOPMENT_TEAM = QF75J2Q8KS;
				ENABLE_PREVIEWS = YES;
				GENERATE_INFOPLIST_FILE = YES;
				INFOPLIST_KEY_UIApplicationSceneManifest_Generation = YES;
				INFOPLIST_KEY_UIApplicationSupportsIndirectInputEvents = YES;
				INFOPLIST_KEY_UILaunchScreen_Generation = YES;
				INFOPLIST_KEY_UISupportedInterfaceOrientations_iPad = "UIInterfaceOrientationPortrait UIInterfaceOrientationPortraitUpsideDown UIInterfaceOrientationLandscapeLeft UIInterfaceOrientationLandscapeRight";
				INFOPLIST_KEY_UISupportedInterfaceOrientations_iPhone = "UIInterfaceOrientationPortrait UIInterfaceOrientationLandscapeLeft UIInterfaceOrientationLandscapeRight";
				LD_RUNPATH_SEARCH_PATHS = (
					"$(inherited)",
					"@executable_path/Frameworks",
				);
				MARKETING_VERSION = 1.0;
				PRODUCT_BUNDLE_IDENTIFIER = "KMEConsulting.Recipe-List";
				PRODUCT_NAME = "$(TARGET_NAME)";
				SWIFT_EMIT_LOC_STRINGS = YES;
				SWIFT_VERSION = 5.0;
				TARGETED_DEVICE_FAMILY = "1,2";
			};
			name = Release;
		};
/* End XCBuildConfiguration section */

/* Begin XCConfigurationList section */
		08CC58B527E42D0B0036D433 /* Build configuration list for PBXProject "Recipe List" */ = {
			isa = XCConfigurationList;
			buildConfigurations = (
				08CC58C627E42D0C0036D433 /* Debug */,
				08CC58C727E42D0C0036D433 /* Release */,
			);
			defaultConfigurationIsVisible = 0;
			defaultConfigurationName = Release;
		};
		08CC58C827E42D0C0036D433 /* Build configuration list for PBXNativeTarget "Recipe List" */ = {
			isa = XCConfigurationList;
			buildConfigurations = (
				08CC58C927E42D0C0036D433 /* Debug */,
				08CC58CA27E42D0C0036D433 /* Release */,
			);
			defaultConfigurationIsVisible = 0;
			defaultConfigurationName = Release;
		};
/* End XCConfigurationList section */
	};
	rootObject = 08CC58B227E42D0B0036D433 /* Project object */;
}
